{
  "name": "@actbase/react-native-kakao-navi",
  "version": "1.0.0",
  "lockfileVersion": 1,
  "requires": true,
  "dependencies": {
    "@actbase/react-native-kakaosdk": {
      "version": "1.3.0",
      "resolved": "https://registry.npmjs.org/@actbase/react-native-kakaosdk/-/react-native-kakaosdk-1.3.0.tgz",
      "integrity": "sha512-IEzYqS3N4+2hs368TWs5YKUdd5iWQXEXBIeyKDCDaBoagY6uBH6v0HmX51R0WLRIv8hkY/TmM3i5gKuV0pHpjg=="
    }
  }
}
